// !$*UTF8*$!
{
	archiveVersion = 1;
	classes = {
	};
	objectVersion = 46;
	objects = {

/* Begin PBXBuildFile section */
		F924AA7F1CD001CC001806CC /* btn.wav in Resources */ = {isa = PBXBuildFile; fileRef = F924AA7E1CD001CC001806CC /* btn.wav */; };
		F98BBC3E1CBBAF2400628B76 /* AppDelegate.swift in Sources */ = {isa = PBXBuildFile; fileRef = F98BBC3D1CBBAF2400628B76 /* AppDelegate.swift */; };
		F98BBC401CBBAF2400628B76 /* ViewController.swift in Sources */ = {isa = PBXBuildFile; fileRef = F98BBC3F1CBBAF2400628B76 /* ViewController.swift */; };
		F98BBC431CBBAF2400628B76 /* Main.storyboard in Resources */ = {isa = PBXBuildFile; fileRef = F98BBC411CBBAF2400628B76 /* Main.storyboard */; };
		F98BBC451CBBAF2400628B76 /* Assets.xcassets in Resources */ = {isa = PBXBuildFile; fileRef = F98BBC441CBBAF2400628B76 /* Assets.xcassets */; };
		F98BBC481CBBAF2400628B76 /* LaunchScreen.storyboard in Resources */ = {isa = PBXBuildFile; fileRef = F98BBC461CBBAF2400628B76 /* LaunchScreen.storyboard */; };
		F98BBC501CBBC0D400628B76 /* Minecraft.ttf in Resources */ = {isa = PBXBuildFile; fileRef = F98BBC4F1CBBC0D400628B76 /* Minecraft.ttf */; };
/* End PBXBuildFile section */

/* Begin PBXFileReference section */
		F924AA7E1CD001CC001806CC /* btn.wav */ = {isa = PBXFileReference; lastKnownFileType = audio.wav; path = btn.wav; sourceTree = "<group>"; };
		F98BBC3A1CBBAF2400628B76 /* RetroCalculator.app */ = {isa = PBXFileReference; explicitFileType = wrapper.application; includeInIndex = 0; path = RetroCalculator.app; sourceTree = BUILT_PRODUCTS_DIR; };
		F98BBC3D1CBBAF2400628B76 /* AppDelegate.swift */ = {isa = PBXFileReference; lastKnownFileType = sourcecode.swift; path = AppDelegate.swift; sourceTree = "<group>"; };
		F98BBC3F1CBBAF2400628B76 /* ViewController.swift */ = {isa = PBXFileReference; lastKnownFileType = sourcecode.swift; path = ViewController.swift; sourceTree = "<group>"; };
		F98BBC421CBBAF2400628B76 /* Base */ = {isa = PBXFileReference; lastKnownFileType = file.storyboard; name = Base; path = Base.lproj/Main.storyboard; sourceTree = "<group>"; };
		F98BBC441CBBAF2400628B76 /* Assets.xcassets */ = {isa = PBXFileReference; lastKnownFileType = folder.assetcatalog; path = Assets.xcassets; sourceTree = "<group>"; };
		F98BBC471CBBAF2400628B76 /* Base */ = {isa = PBXFileReference; lastKnownFileType = file.storyboard; name = Base; path = Base.lproj/LaunchScreen.storyboard; sourceTree = "<group>"; };
		F98BBC491CBBAF2400628B76 /* Info.plist */ = {isa = PBXFileReference; lastKnownFileType = text.plist.xml; path = Info.plist; sourceTree = "<group>"; };
		F98BBC4F1CBBC0D400628B76 /* Minecraft.ttf */ = {isa = PBXFileReference; lastKnownFileType = file; path = Minecraft.ttf; sourceTree = "<group>"; };
/* End PBXFileReference section */

/* Begin PBXFrameworksBuildPhase section */
		F98BBC371CBBAF2400628B76 /* Frameworks */ = {
			isa = PBXFrameworksBuildPhase;
			buildActionMask = 2147483647;
			files = (
			);
			runOnlyForDeploymentPostprocessing = 0;
		};
/* End PBXFrameworksBuildPhase section */

/* Begin PBXGroup section */
		F98BBC311CBBAF2400628B76 = {
			isa = PBXGroup;
			children = (
				F98BBC3C1CBBAF2400628B76 /* RetroCalculator */,
				F98BBC3B1CBBAF2400628B76 /* Products */,
			);
			sourceTree = "<group>";
		};
		F98BBC3B1CBBAF2400628B76 /* Products */ = {
			isa = PBXGroup;
			children = (
				F98BBC3A1CBBAF2400628B76 /* RetroCalculator.app */,
			);
			name = Products;
			sourceTree = "<group>";
		};
		F98BBC3C1CBBAF2400628B76 /* RetroCalculator */ = {
			isa = PBXGroup;
			children = (
				F98BBC4F1CBBC0D400628B76 /* Minecraft.ttf */,
				F924AA7E1CD001CC001806CC /* btn.wav */,
				F98BBC3D1CBBAF2400628B76 /* AppDelegate.swift */,
				F98BBC3F1CBBAF2400628B76 /* ViewController.swift */,
				F98BBC411CBBAF2400628B76 /* Main.storyboard */,
				F98BBC441CBBAF2400628B76 /* Assets.xcassets */,
				F98BBC461CBBAF2400628B76 /* LaunchScreen.storyboard */,
				F98BBC491CBBAF2400628B76 /* Info.plist */,
			);
			path = RetroCalculator;
			sourceTree = "<group>";
		};
/* End PBXGroup section */

/* Begin PBXNativeTarget section */
		F98BBC391CBBAF2400628B76 /* RetroCalculator */ = {
			isa = PBXNativeTarget;
			buildConfigurationList = F98BBC4C1CBBAF2400628B76 /* Build configuration list for PBXNativeTarget "RetroCalculator" */;
			buildPhases = (
				F98BBC361CBBAF2400628B76 /* Sources */,
				F98BBC371CBBAF2400628B76 /* Frameworks */,
				F98BBC381CBBAF2400628B76 /* Resources */,
			);
			buildRules = (
			);
			dependencies = (
			);
			name = RetroCalculator;
			productName = RetroCalculator;
			productReference = F98BBC3A1CBBAF2400628B76 /* RetroCalculator.app */;
			productType = "com.apple.product-type.application";
		};
/* End PBXNativeTarget section */

/* Begin PBXProject section */
		F98BBC321CBBAF2400628B76 /* Project object */ = {
			isa = PBXProject;
			attributes = {
				LastSwiftUpdateCheck = 0730;
				LastUpgradeCheck = 0730;
				ORGANIZATIONNAME = Steffen;
				TargetAttributes = {
					F98BBC391CBBAF2400628B76 = {
						CreatedOnToolsVersion = 7.3;
					};
				};
			};
			buildConfigurationList = F98BBC351CBBAF2400628B76 /* Build configuration list for PBXProject "RetroCalculator" */;
			compatibilityVersion = "Xcode 3.2";
			developmentRegion = English;
			hasScannedForEncodings = 0;
			knownRegions = (
				en,
				Base,
			);
			mainGroup = F98BBC311CBBAF2400628B76;
			productRefGroup = F98BBC3B1CBBAF2400628B76 /* Products */;
			projectDirPath = "";
			projectRoot = "";
			targets = (
				F98BBC391CBBAF2400628B76 /* RetroCalculator */,
			);
		};
/* End PBXProject section */

/* Begin PBXResourcesBuildPhase section */
		F98BBC381CBBAF2400628B76 /* Resources */ = {
			isa = PBXResourcesBuildPhase;
			buildActionMask = 2147483647;
			files = (
				F924AA7F1CD001CC001806CC /* btn.wav in Resources */,
				F98BBC481CBBAF2400628B76 /* LaunchScreen.storyboard in Resources */,
				F98BBC451CBBAF2400628B76 /* Assets.xcassets in Resources */,
				F98BBC501CBBC0D400628B76 /* Minecraft.ttf in Resources */,
				F98BBC431CBBAF2400628B76 /* Main.storyboard in Resources */,
			);
			runOnlyForDeploymentPostprocessing = 0;
		};
/* End PBXResourcesBuildPhase section */

/* Begin PBXSourcesBuildPhase section */
		F98BBC361CBBAF2400628B76 /* Sources */ = {
			isa = PBXSourcesBuildPhase;
			buildActionMask = 2147483647;
			files = (
				F98BBC401CBBAF2400628B76 /* ViewController.swift in Sources */,
				F98BBC3E1CBBAF2400628B76 /* AppDelegate.swift in Sources */,
			);
			runOnlyForDeploymentPostprocessing = 0;
		};
/* End PBXSourcesBuildPhase section */

/* Begin PBXVariantGroup section */
		F98BBC411CBBAF2400628B76 /* Main.storyboard */ = {
			isa = PBXVariantGroup;
			children = (
				F98BBC421CBBAF2400628B76 /* Base */,
			);
			name = Main.storyboard;
			sourceTree = "<group>";
		};
		F98BBC461CBBAF2400628B76 /* LaunchScreen.storyboard */ = {
			isa = PBXVariantGroup;
			children = (
				F98BBC471CBBAF2400628B76 /* Base */,
			);
			name = LaunchScreen.storyboard;
			sourceTree = "<group>";
		};
/* End PBXVariantGroup section */

/* Begin XCBuildConfiguration section */
		F98BBC4A1CBBAF2400628B76 /* Debug */ = {
			isa = XCBuildConfiguration;
			buildSettings = {
				ALWAYS_SEARCH_USER_PATHS = NO;
				CLANG_ANALYZER_NONNULL = YES;
				CLANG_CXX_LANGUAGE_STANDARD = "gnu++0x";
				CLANG_CXX_LIBRARY = "libc++";
				CLANG_ENABLE_MODULES = YES;
				CLANG_ENABLE_OBJC_ARC = YES;
				CLANG_WARN_BOOL_CONVERSION = YES;
				CLANG_WARN_CONSTANT_CONVERSION = YES;
				CLANG_WARN_DIRECT_OBJC_ISA_USAGE = YES_ERROR;
				CLANG_WARN_EMPTY_BODY = YES;
				CLANG_WARN_ENUM_CONVERSION = YES;
				CLANG_WARN_INT_CONVERSION = YES;
				CLANG_WARN_OBJC_ROOT_CLASS = YES_ERROR;
				CLANG_WARN_UNREACHABLE_CODE = YES;
				CLANG_WARN__DUPLICATE_METHOD_MATCH = YES;
				"CODE_SIGN_IDENTITY[sdk=iphoneos*]" = "iPhone Developer";
				COPY_PHASE_STRIP = NO;
				DEBUG_INFORMATION_FORMAT = dwarf;
				ENABLE_STRICT_OBJC_MSGSEND = YES;
				ENABLE_TESTABILITY = YES;
				GCC_C_LANGUAGE_STANDARD = gnu99;
				GCC_DYNAMIC_NO_PIC = NO;
				GCC_NO_COMMON_BLOCKS = YES;
				GCC_OPTIMIZATION_LEVEL = 0;
				GCC_PREPROCESSOR_DEFINITIONS = (
					"DEBUG=1",
					"$(inherited)",
				);
				GCC_WARN_64_TO_32_BIT_CONVERSION = YES;
				GCC_WARN_ABOUT_RETURN_TYPE = YES_ERROR;
				GCC_WARN_UNDECLARED_SELECTOR = YES;
				GCC_WARN_UNINITIALIZED_AUTOS = YES_AGGRESSIVE;
				GCC_WARN_UNUSED_FUNCTION = YES;
				GCC_WARN_UNUSED_VARIABLE = YES;
				IPHONEOS_DEPLOYMENT_TARGET = 9.3;
				MTL_ENABLE_DEBUG_INFO = YES;
				ONLY_ACTIVE_ARCH = YES;
				SDKROOT = iphoneos;
				SWIFT_OPTIMIZATION_LEVEL = "-Onone";
			};
			name = Debug;
		};
		F98BBC4B1CBBAF2400628B76 /* Release */ = {
			isa = XCBuildConfiguration;
			buildSettings = {
				ALWAYS_SEARCH_USER_PATHS = NO;
				CLANG_ANALYZER_NONNULL = YES;
				CLANG_CXX_LANGUAGE_STANDARD = "gnu++0x";
				CLANG_CXX_LIBRARY = "libc++";
				CLANG_ENABLE_MODULES = YES;
				CLANG_ENABLE_OBJC_ARC = YES;
				CLANG_WARN_BOOL_CONVERSION = YES;
				CLANG_WARN_CONSTANT_CONVERSION = YES;
				CLANG_WARN_DIRECT_OBJC_ISA_USAGE = YES_ERROR;
				CLANG_WARN_EMPTY_BODY = YES;
				CLANG_WARN_ENUM_CONVERSION = YES;
				CLANG_WARN_INT_CONVERSION = YES;
				CLANG_WARN_OBJC_ROOT_CLASS = YES_ERROR;
				CLANG_WARN_UNREACHABLE_CODE = YES;
				CLANG_WARN__DUPLICATE_METHOD_MATCH = YES;
				"CODE_SIGN_IDENTITY[sdk=iphoneos*]" = "iPhone Developer";
				COPY_PHASE_STRIP = NO;
				DEBUG_INFORMATION_FORMAT = "dwarf-with-dsym";
				ENABLE_NS_ASSERTIONS = NO;
				ENABLE_STRICT_OBJC_MSGSEND = YES;
				GCC_C_LANGUAGE_STANDARD = gnu99;
				GCC_NO_COMMON_BLOCKS = YES;
				GCC_WARN_64_TO_32_BIT_CONVERSION = YES;
				GCC_WARN_ABOUT_RETURN_TYPE = YES_ERROR;
				GCC_WARN_UNDECLARED_SELECTOR = YES;
				GCC_WARN_UNINITIALIZED_AUTOS = YES_AGGRESSIVE;
				GCC_WARN_UNUSED_FUNCTION = YES;
				GCC_WARN_UNUSED_VARIABLE = YES;
				IPHONEOS_DEPLOYMENT_TARGET = 9.3;
				MTL_ENABLE_DEBUG_INFO = NO;
				SDKROOT = iphoneos;
				VALIDATE_PRODUCT = YES;
			};
			name = Release;
		};
		F98BBC4D1CBBAF2400628B76 /* Debug */ = {
			isa = XCBuildConfiguration;
			buildSettings = {
				ASSETCATALOG_COMPILER_APPICON_NAME = AppIcon;
				INFOPLIST_FILE = RetroCalculator/Info.plist;
				LD_RUNPATH_SEARCH_PATHS = "$(inherited) @executable_path/Frameworks";
				PRODUCT_BUNDLE_IDENTIFIER = com.stapps.RetroCalculator;
				PRODUCT_NAME = "$(TARGET_NAME)";
			};
			name = Debug;
		};
		F98BBC4E1CBBAF2400628B76 /* Release */ = {
			isa = XCBuildConfiguration;
			buildSettings = {
				ASSETCATALOG_COMPILER_APPICON_NAME = AppIcon;
				INFOPLIST_FILE = RetroCalculator/Info.plist;
				LD_RUNPATH_SEARCH_PATHS = "$(inherited) @executable_path/Frameworks";
				PRODUCT_BUNDLE_IDENTIFIER = com.stapps.RetroCalculator;
				PRODUCT_NAME = "$(TARGET_NAME)";
			};
			name = Release;
		};
/* End XCBuildConfiguration section */

/* Begin XCConfigurationList section */
		F98BBC351CBBAF2400628B76 /* Build configuration list for PBXProject "RetroCalculator" */ = {
			isa = XCConfigurationList;
			buildConfigurations = (
				F98BBC4A1CBBAF2400628B76 /* Debug */,
				F98BBC4B1CBBAF2400628B76 /* Release */,
			);
			defaultConfigurationIsVisible = 0;
			defaultConfigurationName = Release;
		};
		F98BBC4C1CBBAF2400628B76 /* Build configuration list for PBXNativeTarget "RetroCalculator" */ = {
			isa = XCConfigurationList;
			buildConfigurations = (
				F98BBC4D1CBBAF2400628B76 /* Debug */,
				F98BBC4E1CBBAF2400628B76 /* Release */,
			);
			defaultConfigurationIsVisible = 0;
			defaultConfigurationName = Release;
		};
/* End XCConfigurationList section */
	};
	rootObject = F98BBC321CBBAF2400628B76 /* Project object */;
}
